{
  "name": "main",
  "version": "1.0.0",
  "lockfileVersion": 1,
  "requires": true,
  "dependencies": {
    "bar": {
      "version": "2.0.0",
      "resolved": "http://localhost:4873/bar/-/bar-2.0.0.tgz",
      "integrity": "sha512-X+5NFzWWp5IFVdArDt2w7iXX4LRJRq7yaaeefvFM4L1YRQ0cOVADMdX1iHblvZh9EcBQJ3XCdjDshZ90xCKFPA=="
    },
    "baz": {
      "version": "1.2.0",
      "resolved": "http://localhost:4873/baz/-/baz-1.2.0.tgz",
      "integrity": "sha512-BjWcEB/EeEoMSzAG+9PXaxDeCtHtBs5BsvgSgoSUfXa7flE6duSDlntEeCoQMGVuSCItZDbGiv3cPeydKPnQqQ==",
      "requires": {
        "bar": "^2.0.0"
      }
    },
    "buz": {
      "version": "1.1.0",
      "resolved": "http://localhost:4873/buz/-/buz-1.1.0.tgz",
      "integrity": "sha512-REbamZzQe5qQHG33UpsSNICxRG3q4hLJ4Bmz8PNgWWlQzZXslaeXjddyVz4bT7k4t7BtI1eEOowRwxJKDXHs7w=="
    }
  }
}
