{
  "name": "baz",
  "version": "1.1.0",
  "lockfileVersion": 1,
  "requires": true,
  "dependencies": {
    "bar": {
      "version": "2.0.0",
      "resolved": "http://localhost:4873/bar/-/bar-2.0.0.tgz",
      "integrity": "sha512-X+5NFzWWp5IFVdArDt2w7iXX4LRJRq7yaaeefvFM4L1YRQ0cOVADMdX1iHblvZh9EcBQJ3XCdjDshZ90xCKFPA=="
    }
  }
}
